
Microsoft Visual Studio Solution File, Format Version 12.00
Project("{FAE04EC0-301F-11D3-BF4B-00C04F79EFBC}") = "GitHubActionsTraining", "GitHubActionsTraining\GitHubActionsTraining.csproj", "{FF32B48D-613C-4297-A967-E2F53372D4B6}"
EndProject
Project("{FAE04EC0-301F-11D3-BF4B-00C04F79EFBC}") = "GitHubActionsTraining.Tests", "GitHubActionsTraining.Tests\GitHubActionsTraining.Tests.csproj", "{7E1D7E29-700C-49FB-970A-A7F13B7BD143}"
EndProject
Global
	GlobalSection(SolutionConfigurationPlatforms) = preSolution
		Debug|Any CPU = Debug|Any CPU
		Release|Any CPU = Release|Any CPU
	EndGlobalSection
	GlobalSection(ProjectConfigurationPlatforms) = postSolution
		{FF32B48D-613C-4297-A967-E2F53372D4B6}.Debug|Any CPU.ActiveCfg = Debug|Any CPU
		{FF32B48D-613C-4297-A967-E2F53372D4B6}.Debug|Any CPU.Build.0 = Debug|Any CPU
		{FF32B48D-613C-4297-A967-E2F53372D4B6}.Release|Any CPU.ActiveCfg = Release|Any CPU
		{FF32B48D-613C-4297-A967-E2F53372D4B6}.Release|Any CPU.Build.0 = Release|Any CPU
		{7E1D7E29-700C-49FB-970A-A7F13B7BD143}.Debug|Any CPU.ActiveCfg = Debug|Any CPU
		{7E1D7E29-700C-49FB-970A-A7F13B7BD143}.Debug|Any CPU.Build.0 = Debug|Any CPU
		{7E1D7E29-700C-49FB-970A-A7F13B7BD143}.Release|Any CPU.ActiveCfg = Release|Any CPU
		{7E1D7E29-700C-49FB-970A-A7F13B7BD143}.Release|Any CPU.Build.0 = Release|Any CPU
	EndGlobalSection
EndGlobal
